
Microsoft Visual Studio Solution File, Format Version 12.00
# Visual Studio 15
VisualStudioVersion = 15.0.27428.2002
MinimumVisualStudioVersion = 10.0.40219.1
Project("{9A19103F-16F7-4668-BE54-9A1E7A4F7556}") = "JustDownloadShared", "JustDownloadShared\JustDownloadShared.csproj", "{75D3217A-5851-4CF1-8BD0-D42783EA1915}"
EndProject
Project("{FAE04EC0-301F-11D3-BF4B-00C04F79EFBC}") = "JustDownloadTests", "JustDownloadTests\JustDownloadTests.csproj", "{84BA238A-3A8B-494D-BCB9-DA19A00F7A90}"
EndProject
Project("{FAE04EC0-301F-11D3-BF4B-00C04F79EFBC}") = "JustDownloadConsole", "JustDownloadConsole\JustDownloadConsole.csproj", "{EBE3F7DB-9D28-47A7-8CBB-7FD675314718}"
EndProject
Global
	GlobalSection(SolutionConfigurationPlatforms) = preSolution
		Debug|Any CPU = Debug|Any CPU
		Release|Any CPU = Release|Any CPU
	EndGlobalSection
	GlobalSection(ProjectConfigurationPlatforms) = postSolution
		{75D3217A-5851-4CF1-8BD0-D42783EA1915}.Debug|Any CPU.ActiveCfg = Debug|Any CPU
		{75D3217A-5851-4CF1-8BD0-D42783EA1915}.Debug|Any CPU.Build.0 = Debug|Any CPU
		{75D3217A-5851-4CF1-8BD0-D42783EA1915}.Release|Any CPU.ActiveCfg = Release|Any CPU
		{75D3217A-5851-4CF1-8BD0-D42783EA1915}.Release|Any CPU.Build.0 = Release|Any CPU
		{84BA238A-3A8B-494D-BCB9-DA19A00F7A90}.Debug|Any CPU.ActiveCfg = Debug|Any CPU
		{84BA238A-3A8B-494D-BCB9-DA19A00F7A90}.Debug|Any CPU.Build.0 = Debug|Any CPU
		{84BA238A-3A8B-494D-BCB9-DA19A00F7A90}.Release|Any CPU.ActiveCfg = Release|Any CPU
		{84BA238A-3A8B-494D-BCB9-DA19A00F7A90}.Release|Any CPU.Build.0 = Release|Any CPU
		{EBE3F7DB-9D28-47A7-8CBB-7FD675314718}.Debug|Any CPU.ActiveCfg = Debug|Any CPU
		{EBE3F7DB-9D28-47A7-8CBB-7FD675314718}.Debug|Any CPU.Build.0 = Debug|Any CPU
		{EBE3F7DB-9D28-47A7-8CBB-7FD675314718}.Release|Any CPU.ActiveCfg = Release|Any CPU
		{EBE3F7DB-9D28-47A7-8CBB-7FD675314718}.Release|Any CPU.Build.0 = Release|Any CPU
	EndGlobalSection
	GlobalSection(SolutionProperties) = preSolution
		HideSolutionNode = FALSE
	EndGlobalSection
	GlobalSection(ExtensibilityGlobals) = postSolution
		SolutionGuid = {2C0D6B9B-A3F6-4EA7-AE29-67FF9D4B6DF2}
	EndGlobalSection
EndGlobal
